
Microsoft Visual Studio Solution File, Format Version 12.00
# Visual Studio Version 17
VisualStudioVersion = 17.7.34024.191
MinimumVisualStudioVersion = 10.0.40219.1
Project("{FAE04EC0-301F-11D3-BF4B-00C04F79EFBC}") = "TelegaSharpProject", "ConsoleApp1\TelegaSharpProject.csproj", "{06437C5C-12C5-40D2-BB3C-6EA23E9B3278}"
EndProject
Global
	GlobalSection(SolutionConfigurationPlatforms) = preSolution
		Debug|Any CPU = Debug|Any CPU
		Release|Any CPU = Release|Any CPU
	EndGlobalSection
	GlobalSection(ProjectConfigurationPlatforms) = postSolution
		{06437C5C-12C5-40D2-BB3C-6EA23E9B3278}.Debug|Any CPU.ActiveCfg = Debug|Any CPU
		{06437C5C-12C5-40D2-BB3C-6EA23E9B3278}.Debug|Any CPU.Build.0 = Debug|Any CPU
		{06437C5C-12C5-40D2-BB3C-6EA23E9B3278}.Release|Any CPU.ActiveCfg = Release|Any CPU
		{06437C5C-12C5-40D2-BB3C-6EA23E9B3278}.Release|Any CPU.Build.0 = Release|Any CPU
	EndGlobalSection
	GlobalSection(SolutionProperties) = preSolution
		HideSolutionNode = FALSE
	EndGlobalSection
	GlobalSection(ExtensibilityGlobals) = postSolution
		SolutionGuid = {9AF897C2-B575-4983-AB34-92A7BA441FE9}
	EndGlobalSection
EndGlobal
